
Microsoft Visual Studio Solution File, Format Version 12.00
# Visual Studio 14
VisualStudioVersion = 14.0.25420.1
MinimumVisualStudioVersion = 10.0.40219.1
Project("{2150E333-8FDC-42A3-9474-1A3956D46DE8}") = "TestStepLibraries", "TestStepLibraries", "{24EF14F4-1468-4D14-8DB3-ACB59601B161}"
EndProject
Project("{2150E333-8FDC-42A3-9474-1A3956D46DE8}") = "Src", "Src", "{440CA47C-25F0-41AB-86E6-AB36909520C4}"
EndProject
Project("{2150E333-8FDC-42A3-9474-1A3956D46DE8}") = "Test", "Test", "{1080D171-00B5-472F-A97E-CE66080F898D}"
EndProject
Project("{2150E333-8FDC-42A3-9474-1A3956D46DE8}") = "LegacyTestStepLibraries", "LegacyTestStepLibraries", "{12EBB423-15A8-4FED-BD1D-729C37180B86}"
EndProject
Project("{2150E333-8FDC-42A3-9474-1A3956D46DE8}") = "Solution Items", "Solution Items", "{AB291EBC-66BE-4CE0-9527-0726BF0EB5AD}"
	ProjectSection(SolutionItems) = preProject
		BizUnit.vsmdi = BizUnit.vsmdi
		Local.testsettings = Local.testsettings
		TraceAndTestImpact.testsettings = TraceAndTestImpact.testsettings
	EndProjectSection
EndProject
Project("{2150E333-8FDC-42A3-9474-1A3956D46DE8}") = "Setup", "Setup", "{5F93E18F-91C2-40C4-87A0-8D371396B00D}"
	ProjectSection(SolutionItems) = preProject
		BizUnit Getting Started Guide.pdf = BizUnit Getting Started Guide.pdf
		BizUnit.chm = BizUnit.chm
	EndProjectSection
EndProject
Project("{2150E333-8FDC-42A3-9474-1A3956D46DE8}") = "Services", "Services", "{32976719-343F-48A5-AA87-A81E30599A63}"
EndProject
Project("{2150E333-8FDC-42A3-9474-1A3956D46DE8}") = "BizUnitService", "BizUnitService", "{A0504CC5-F6FF-4FFF-B7ED-1FE508195D03}"
EndProject
Project("{2150E333-8FDC-42A3-9474-1A3956D46DE8}") = "MSMQService", "MSMQService", "{F2DEC917-68EB-4AB8-B260-A1787C4D5D9F}"
EndProject
Project("{FAE04EC0-301F-11D3-BF4B-00C04F79EFBC}") = "BizUnit", "Src\BizUnit\BizUnit.csproj", "{7C85248A-15D4-4A17-A496-AECF789E0F10}"
EndProject
Project("{FAE04EC0-301F-11D3-BF4B-00C04F79EFBC}") = "BizUnit.BizTalkSteps.Tests", "Test\BizUnit.BizTalkSteps.Tests\BizUnit.BizTalkSteps.Tests.csproj", "{D0377D64-9108-4FA9-B64F-60445B49971B}"
EndProject
Project("{FAE04EC0-301F-11D3-BF4B-00C04F79EFBC}") = "BizUnit.TestSteps.BizTalk", "Src\BizUnit.TestSteps.BizTalk\BizUnit.TestSteps.BizTalk.csproj", "{772A474B-0D95-4002-BF5B-910986D1326B}"
EndProject
Project("{FAE04EC0-301F-11D3-BF4B-00C04F79EFBC}") = "BizUnit.TestSteps", "Src\BizUnit.TestSteps\BizUnit.TestSteps.csproj", "{5BFEF184-0834-4FBA-ADDB-AD798CE0B58D}"
EndProject
Project("{FAE04EC0-301F-11D3-BF4B-00C04F79EFBC}") = "BizUnit.TestSteps.Ssis", "Src\BizUnit.TestSteps.Ssis\BizUnit.TestSteps.Ssis.csproj", "{B664CBA0-0D34-4328-AF3F-BBD0D13CC21A}"
	ProjectSection(ProjectDependencies) = postProject
		{7C85248A-15D4-4A17-A496-AECF789E0F10} = {7C85248A-15D4-4A17-A496-AECF789E0F10}
	EndProjectSection
EndProject
Project("{FAE04EC0-301F-11D3-BF4B-00C04F79EFBC}") = "BizUnit.TestSteps.Tests", "Test\BizUnit.TestSteps.Tests\BizUnit.TestSteps.Tests.csproj", "{FA142C8C-FA7C-43BF-B79E-155972102532}"
EndProject
Project("{FAE04EC0-301F-11D3-BF4B-00C04F79EFBC}") = "BizUnit.TestDocumentor.Console", "Src\BizUnit.TestDocumentor.Console\BizUnit.TestDocumentor.Console.csproj", "{049EFBBC-F7F8-4C7D-BDA6-865033D74057}"
EndProject
Project("{FAE04EC0-301F-11D3-BF4B-00C04F79EFBC}") = "BizUnit.TestDocumentor", "Src\BizUnit.TestDocumentor\BizUnit.TestDocumentor.csproj", "{49B2AF80-5D7F-41AB-94CE-2B138A02B114}"
EndProject
Project("{FAE04EC0-301F-11D3-BF4B-00C04F79EFBC}") = "BizUnit.TestDocumentor.Tests", "Test\BizUnit.TestDocumentor.Tests\BizUnit.TestDocumentor.Tests.csproj", "{02BFF6AB-8004-4727-BD06-FECF4AA0FD87}"
EndProject
Project("{FAE04EC0-301F-11D3-BF4B-00C04F79EFBC}") = "BizUnit.TestDocumentor.GUI", "Src\BizUnit.TestDocumentor.GUI\BizUnit.TestDocumentor.GUI.csproj", "{B7324189-EAFD-4259-92F6-3D75432EC268}"
EndProject
Project("{FAE04EC0-301F-11D3-BF4B-00C04F79EFBC}") = "BizUnit.BizTalkTestArtifacts", "Test\BizUnit.BizTalkTestArtifacts\BizUnit.BizTalkTestArtifacts.btproj", "{AD8A0483-D45F-47DC-96A4-76DA1F80E261}"
EndProject
Project("{FAE04EC0-301F-11D3-BF4B-00C04F79EFBC}") = "BizUnit.BizTalkTestArtifacts.Components", "Test\BizUnit.BizTalkTestArtifacts.Components\BizUnit.BizTalkTestArtifacts.Components.csproj", "{51F702A0-93CF-4829-92DE-C8B6DB2A7825}"
EndProject
Project("{FAE04EC0-301F-11D3-BF4B-00C04F79EFBC}") = "BizUnit.CoreSteps", "Src\BizUnit.CoreSteps\BizUnit.CoreSteps.csproj", "{B336B2AF-BAEB-424F-9463-CA3034EADC2D}"
EndProject
Project("{FAE04EC0-301F-11D3-BF4B-00C04F79EFBC}") = "BizUnit.LoadGenSteps", "Src\BizUnit.LoadGenSteps\BizUnit.LoadGenSteps.csproj", "{348DDB68-8608-483A-B837-16C14AC9A64F}"
EndProject
Project("{FAE04EC0-301F-11D3-BF4B-00C04F79EFBC}") = "BizUnit.MQSeriesSteps", "Src\BizUnit.MQSeriesSteps\BizUnit.MQSeriesSteps.csproj", "{91790EE8-448A-4C68-8555-5BC7FEA9D325}"
EndProject
Project("{FAE04EC0-301F-11D3-BF4B-00C04F79EFBC}") = "BizUnit.TestSteps.i8c", "Src\BizUnit.TestSteps.i8c\BizUnit.TestSteps.i8c.csproj", "{44DC0FE6-653A-4BC9-80A3-5D0B0164BAA1}"
EndProject
Project("{FAE04EC0-301F-11D3-BF4B-00C04F79EFBC}") = "BizUnit.TestSteps.i8c.Tests", "Test\BizUnit.TestSteps.i8c.Tests\BizUnit.TestSteps.i8c.Tests.csproj", "{C1B07CB8-EB16-494D-9726-277FBE4B52E4}"
	ProjectSection(ProjectDependencies) = postProject
		{AAC63F2E-FE71-43F3-B1CE-2602F6D24BA2} = {AAC63F2E-FE71-43F3-B1CE-2602F6D24BA2}
	EndProjectSection
EndProject
Project("{54435603-DBB4-11D2-8724-00A0C9A8B90C}") = "SetupBizUnit", "Setup\SetupBizUnit\SetupBizUnit.vdproj", "{0553C60B-1390-45CD-BDA0-0F59AEE81489}"
EndProject
Project("{FAE04EC0-301F-11D3-BF4B-00C04F79EFBC}") = "BizUnitWcfServiceLibrary", "Src\Services\BizUnitWcfServiceLibrary\BizUnitWcfServiceLibrary.csproj", "{B95E1499-DCC5-439D-B458-B8D0FDC132B5}"
EndProject
Project("{FAE04EC0-301F-11D3-BF4B-00C04F79EFBC}") = "BizUnitWcfService", "Src\Services\BizUnitWcfService\BizUnitWcfService.csproj", "{70B987FD-FF06-4A9E-934C-F419E486451A}"
EndProject
Project("{FAE04EC0-301F-11D3-BF4B-00C04F79EFBC}") = "BizUnit.BizTalkServices.Tests", "Test\BizUnit.BizTalkServices.Tests\BizUnit.BizTalkServices.Tests.csproj", "{EC404277-AF71-4BAE-BDDA-1828A6203070}"
EndProject
Project("{FAE04EC0-301F-11D3-BF4B-00C04F79EFBC}") = "BizUnitServiceHost", "Src\Services\BizUnitService\BizUnitServiceHost.csproj", "{6526D085-A5B9-429B-BEA3-03E0E10DF4C1}"
EndProject
Project("{FAE04EC0-301F-11D3-BF4B-00C04F79EFBC}") = "BizUnit.TestSteps.BizTalk.Remote", "Src\BizUnit.TestSteps.BizTalk.Remote\BizUnit.TestSteps.BizTalk.Remote.csproj", "{D63DB8A5-D95B-4333-BC3D-34E584C24C85}"
EndProject
Project("{FAE04EC0-301F-11D3-BF4B-00C04F79EFBC}") = "BizUnit.TestSteps.Load", "Src\BizUnit.TestSteps.LoadGen\BizUnit.TestSteps.Load.csproj", "{93C16F51-9AC1-48D9-B85F-617215DB2566}"
EndProject
Project("{FAE04EC0-301F-11D3-BF4B-00C04F79EFBC}") = "MsmqWcfService", "Src\Services\MsmqWcfService\MsmqWcfService.csproj", "{E8BB11A8-D307-4780-A311-27EF48967F4E}"
EndProject
Project("{FAE04EC0-301F-11D3-BF4B-00C04F79EFBC}") = "MsmqWcfServiceHost", "Src\Services\MsmqWcfServiceHost\MsmqWcfServiceHost.csproj", "{A2B62F83-3289-4779-8FCE-7C32AF436E83}"
EndProject
Project("{FAE04EC0-301F-11D3-BF4B-00C04F79EFBC}") = "MSMQWcfServiceLibrary", "Src\Services\MSMQWcfServiceLibrary\MSMQWcfServiceLibrary.csproj", "{CCED25E9-19C0-4AB9-BFD2-9E77BF9F2F72}"
EndProject
Project("{54435603-DBB4-11D2-8724-00A0C9A8B90C}") = "SetupMsmqWcfServiceHost", "Src\Services\SetupMsmqWcfServiceHost\SetupMsmqWcfServiceHost.vdproj", "{678E287D-E8EE-48FC-8EDE-EF50E252DB66}"
EndProject
Project("{FAE04EC0-301F-11D3-BF4B-00C04F79EFBC}") = "SoapTestWebService", "Test\SoapTestWebService\SoapTestWebService.csproj", "{A46D7CE3-70CC-4C97-9001-73D89DD40ADB}"
EndProject
Project("{FAE04EC0-301F-11D3-BF4B-00C04F79EFBC}") = "BizUnit.Tests", "Test\BizUnit.Tests\BizUnit.Tests.csproj", "{A30BEC13-3B35-4666-A6FD-59E60C9A30D2}"
EndProject
Project("{FAE04EC0-301F-11D3-BF4B-00C04F79EFBC}") = "ExampleWCFServiceApplication", "Test\ExampleWCFServiceApplication\ExampleWCFServiceApplication.csproj", "{AAC63F2E-FE71-43F3-B1CE-2602F6D24BA2}"
EndProject
Project("{54435603-DBB4-11D2-8724-00A0C9A8B90C}") = "SetupBizUnitServiceHost", "Src\Services\SetupBizUnitServiceHost\SetupBizUnitServiceHost.vdproj", "{D91C1DFF-687A-4193-92F8-A1FE086D9CC5}"
EndProject
Project("{FAE04EC0-301F-11D3-BF4B-00C04F79EFBC}") = "PipelineObjects", "..\PipelineTesting\PipelineObjects\PipelineObjects.csproj", "{CD31010E-2E1D-4A18-8E44-75CE93BABD3A}"
EndProject
Project("{FAE04EC0-301F-11D3-BF4B-00C04F79EFBC}") = "Winterdom.BizTalk.PipelineTesting", "..\PipelineTesting\Winterdom.BizTalk.PipelineTesting\Winterdom.BizTalk.PipelineTesting.csproj", "{E0249498-3585-4D40-91B6-81B7C5C5F608}"
EndProject
Project("{FAE04EC0-301F-11D3-BF4B-00C04F79EFBC}") = "BizUnit.Extensions", "Src\BizUnitExtensions\BizUnit.Extensions.csproj", "{116386C9-795F-4E27-8A15-DD741505D024}"
EndProject
Project("{FAE04EC0-301F-11D3-BF4B-00C04F79EFBC}") = "RestTestWebService", "Test\RestTestWebService\RestTestWebService.csproj", "{5B50899D-0EE9-4915-943D-9C9BDB1D65C9}"
EndProject
Project("{FAE04EC0-301F-11D3-BF4B-00C04F79EFBC}") = "BizUnit.Extensions.Tests", "Test\BizUnitExtensions.Tests\BizUnit.Extensions.Tests.csproj", "{D269002D-DDCF-4D1D-A0AF-E77DC13B09F0}"
EndProject
Project("{FAE04EC0-301F-11D3-BF4B-00C04F79EFBC}") = "Microsoft.BizTalk.CAT.BestPractices.Framework", "..\..\Project Structure\Tools\Microsoft.BizTalk.CAT.BestPractices.Framework\Microsoft.BizTalk.CAT.BestPractices.Framework.csproj", "{13E20AE8-9515-4B37-B71B-3DFC70C9B831}"
EndProject
Project("{FAE04EC0-301F-11D3-BF4B-00C04F79EFBC}") = "Bizilante.PipelineTesting.Helper", "..\PipelineTesting\Bizilante.PipelineTesting.Helper\Bizilante.PipelineTesting.Helper.csproj", "{2763D72F-F0D4-4150-BDF6-BC853E8574FE}"
EndProject
Global
	GlobalSection(SolutionConfigurationPlatforms) = preSolution
		Debug|Any CPU = Debug|Any CPU
		Debug|Mixed Platforms = Debug|Mixed Platforms
		Debug|x86 = Debug|x86
		Release|Any CPU = Release|Any CPU
		Release|Mixed Platforms = Release|Mixed Platforms
		Release|x86 = Release|x86
	EndGlobalSection
	GlobalSection(ProjectConfigurationPlatforms) = postSolution
		{7C85248A-15D4-4A17-A496-AECF789E0F10}.Debug|Any CPU.ActiveCfg = Debug|Any CPU
		{7C85248A-15D4-4A17-A496-AECF789E0F10}.Debug|Any CPU.Build.0 = Debug|Any CPU
		{7C85248A-15D4-4A17-A496-AECF789E0F10}.Debug|Mixed Platforms.ActiveCfg = Debug|Any CPU
		{7C85248A-15D4-4A17-A496-AECF789E0F10}.Debug|Mixed Platforms.Build.0 = Debug|Any CPU
		{7C85248A-15D4-4A17-A496-AECF789E0F10}.Debug|x86.ActiveCfg = Debug|Any CPU
		{7C85248A-15D4-4A17-A496-AECF789E0F10}.Release|Any CPU.ActiveCfg = Release|Any CPU
		{7C85248A-15D4-4A17-A496-AECF789E0F10}.Release|Any CPU.Build.0 = Release|Any CPU
		{7C85248A-15D4-4A17-A496-AECF789E0F10}.Release|Mixed Platforms.ActiveCfg = Release|Any CPU
		{7C85248A-15D4-4A17-A496-AECF789E0F10}.Release|Mixed Platforms.Build.0 = Release|Any CPU
		{7C85248A-15D4-4A17-A496-AECF789E0F10}.Release|x86.ActiveCfg = Release|Any CPU
		{D0377D64-9108-4FA9-B64F-60445B49971B}.Debug|Any CPU.ActiveCfg = Debug|Any CPU
		{D0377D64-9108-4FA9-B64F-60445B49971B}.Debug|Any CPU.Build.0 = Debug|Any CPU
		{D0377D64-9108-4FA9-B64F-60445B49971B}.Debug|Mixed Platforms.ActiveCfg = Debug|Any CPU
		{D0377D64-9108-4FA9-B64F-60445B49971B}.Debug|Mixed Platforms.Build.0 = Debug|Any CPU
		{D0377D64-9108-4FA9-B64F-60445B49971B}.Debug|x86.ActiveCfg = Debug|Any CPU
		{D0377D64-9108-4FA9-B64F-60445B49971B}.Release|Any CPU.ActiveCfg = Release|Any CPU
		{D0377D64-9108-4FA9-B64F-60445B49971B}.Release|Any CPU.Build.0 = Release|Any CPU
		{D0377D64-9108-4FA9-B64F-60445B49971B}.Release|Mixed Platforms.ActiveCfg = Release|Any CPU
		{D0377D64-9108-4FA9-B64F-60445B49971B}.Release|Mixed Platforms.Build.0 = Release|Any CPU
		{D0377D64-9108-4FA9-B64F-60445B49971B}.Release|x86.ActiveCfg = Release|Any CPU
		{772A474B-0D95-4002-BF5B-910986D1326B}.Debug|Any CPU.ActiveCfg = Debug|Any CPU
		{772A474B-0D95-4002-BF5B-910986D1326B}.Debug|Any CPU.Build.0 = Debug|Any CPU
		{772A474B-0D95-4002-BF5B-910986D1326B}.Debug|Mixed Platforms.ActiveCfg = Debug|Any CPU
		{772A474B-0D95-4002-BF5B-910986D1326B}.Debug|Mixed Platforms.Build.0 = Debug|Any CPU
		{772A474B-0D95-4002-BF5B-910986D1326B}.Debug|x86.ActiveCfg = Debug|Any CPU
		{772A474B-0D95-4002-BF5B-910986D1326B}.Release|Any CPU.ActiveCfg = Release|Any CPU
		{772A474B-0D95-4002-BF5B-910986D1326B}.Release|Any CPU.Build.0 = Release|Any CPU
		{772A474B-0D95-4002-BF5B-910986D1326B}.Release|Mixed Platforms.ActiveCfg = Release|Any CPU
		{772A474B-0D95-4002-BF5B-910986D1326B}.Release|Mixed Platforms.Build.0 = Release|Any CPU
		{772A474B-0D95-4002-BF5B-910986D1326B}.Release|x86.ActiveCfg = Release|Any CPU
		{5BFEF184-0834-4FBA-ADDB-AD798CE0B58D}.Debug|Any CPU.ActiveCfg = Debug|Any CPU
		{5BFEF184-0834-4FBA-ADDB-AD798CE0B58D}.Debug|Any CPU.Build.0 = Debug|Any CPU
		{5BFEF184-0834-4FBA-ADDB-AD798CE0B58D}.Debug|Mixed Platforms.ActiveCfg = Debug|Any CPU
		{5BFEF184-0834-4FBA-ADDB-AD798CE0B58D}.Debug|Mixed Platforms.Build.0 = Debug|Any CPU
		{5BFEF184-0834-4FBA-ADDB-AD798CE0B58D}.Debug|x86.ActiveCfg = Debug|Any CPU
		{5BFEF184-0834-4FBA-ADDB-AD798CE0B58D}.Release|Any CPU.ActiveCfg = Release|Any CPU
		{5BFEF184-0834-4FBA-ADDB-AD798CE0B58D}.Release|Any CPU.Build.0 = Release|Any CPU
		{5BFEF184-0834-4FBA-ADDB-AD798CE0B58D}.Release|Mixed Platforms.ActiveCfg = Release|Any CPU
		{5BFEF184-0834-4FBA-ADDB-AD798CE0B58D}.Release|Mixed Platforms.Build.0 = Release|Any CPU
		{5BFEF184-0834-4FBA-ADDB-AD798CE0B58D}.Release|x86.ActiveCfg = Release|Any CPU
		{B664CBA0-0D34-4328-AF3F-BBD0D13CC21A}.Debug|Any CPU.ActiveCfg = Debug|Any CPU
		{B664CBA0-0D34-4328-AF3F-BBD0D13CC21A}.Debug|Any CPU.Build.0 = Debug|Any CPU
		{B664CBA0-0D34-4328-AF3F-BBD0D13CC21A}.Debug|Mixed Platforms.ActiveCfg = Debug|Any CPU
		{B664CBA0-0D34-4328-AF3F-BBD0D13CC21A}.Debug|Mixed Platforms.Build.0 = Debug|Any CPU
		{B664CBA0-0D34-4328-AF3F-BBD0D13CC21A}.Debug|x86.ActiveCfg = Debug|Any CPU
		{B664CBA0-0D34-4328-AF3F-BBD0D13CC21A}.Release|Any CPU.ActiveCfg = Release|Any CPU
		{B664CBA0-0D34-4328-AF3F-BBD0D13CC21A}.Release|Any CPU.Build.0 = Release|Any CPU
		{B664CBA0-0D34-4328-AF3F-BBD0D13CC21A}.Release|Mixed Platforms.ActiveCfg = Release|Any CPU
		{B664CBA0-0D34-4328-AF3F-BBD0D13CC21A}.Release|Mixed Platforms.Build.0 = Release|Any CPU
		{B664CBA0-0D34-4328-AF3F-BBD0D13CC21A}.Release|x86.ActiveCfg = Release|Any CPU
		{FA142C8C-FA7C-43BF-B79E-155972102532}.Debug|Any CPU.ActiveCfg = Debug|Any CPU
		{FA142C8C-FA7C-43BF-B79E-155972102532}.Debug|Any CPU.Build.0 = Debug|Any CPU
		{FA142C8C-FA7C-43BF-B79E-155972102532}.Debug|Mixed Platforms.ActiveCfg = Debug|Any CPU
		{FA142C8C-FA7C-43BF-B79E-155972102532}.Debug|Mixed Platforms.Build.0 = Debug|Any CPU
		{FA142C8C-FA7C-43BF-B79E-155972102532}.Debug|x86.ActiveCfg = Debug|Any CPU
		{FA142C8C-FA7C-43BF-B79E-155972102532}.Release|Any CPU.ActiveCfg = Release|Any CPU
		{FA142C8C-FA7C-43BF-B79E-155972102532}.Release|Mixed Platforms.ActiveCfg = Release|Any CPU
		{FA142C8C-FA7C-43BF-B79E-155972102532}.Release|Mixed Platforms.Build.0 = Release|Any CPU
		{FA142C8C-FA7C-43BF-B79E-155972102532}.Release|x86.ActiveCfg = Release|Any CPU
		{049EFBBC-F7F8-4C7D-BDA6-865033D74057}.Debug|Any CPU.ActiveCfg = Debug|x86
		{049EFBBC-F7F8-4C7D-BDA6-865033D74057}.Debug|Mixed Platforms.ActiveCfg = Debug|x86
		{049EFBBC-F7F8-4C7D-BDA6-865033D74057}.Debug|Mixed Platforms.Build.0 = Debug|x86
		{049EFBBC-F7F8-4C7D-BDA6-865033D74057}.Debug|x86.ActiveCfg = Debug|x86
		{049EFBBC-F7F8-4C7D-BDA6-865033D74057}.Debug|x86.Build.0 = Debug|x86
		{049EFBBC-F7F8-4C7D-BDA6-865033D74057}.Release|Any CPU.ActiveCfg = Release|x86
		{049EFBBC-F7F8-4C7D-BDA6-865033D74057}.Release|Mixed Platforms.ActiveCfg = Release|x86
		{049EFBBC-F7F8-4C7D-BDA6-865033D74057}.Release|Mixed Platforms.Build.0 = Release|x86
		{049EFBBC-F7F8-4C7D-BDA6-865033D74057}.Release|x86.ActiveCfg = Release|x86
		{049EFBBC-F7F8-4C7D-BDA6-865033D74057}.Release|x86.Build.0 = Release|x86
		{49B2AF80-5D7F-41AB-94CE-2B138A02B114}.Debug|Any CPU.ActiveCfg = Debug|Any CPU
		{49B2AF80-5D7F-41AB-94CE-2B138A02B114}.Debug|Any CPU.Build.0 = Debug|Any CPU
		{49B2AF80-5D7F-41AB-94CE-2B138A02B114}.Debug|Mixed Platforms.ActiveCfg = Debug|Any CPU
		{49B2AF80-5D7F-41AB-94CE-2B138A02B114}.Debug|Mixed Platforms.Build.0 = Debug|Any CPU
		{49B2AF80-5D7F-41AB-94CE-2B138A02B114}.Debug|x86.ActiveCfg = Debug|Any CPU
		{49B2AF80-5D7F-41AB-94CE-2B138A02B114}.Release|Any CPU.ActiveCfg = Release|Any CPU
		{49B2AF80-5D7F-41AB-94CE-2B138A02B114}.Release|Any CPU.Build.0 = Release|Any CPU
		{49B2AF80-5D7F-41AB-94CE-2B138A02B114}.Release|Mixed Platforms.ActiveCfg = Release|Any CPU
		{49B2AF80-5D7F-41AB-94CE-2B138A02B114}.Release|Mixed Platforms.Build.0 = Release|Any CPU
		{49B2AF80-5D7F-41AB-94CE-2B138A02B114}.Release|x86.ActiveCfg = Release|Any CPU
		{02BFF6AB-8004-4727-BD06-FECF4AA0FD87}.Debug|Any CPU.ActiveCfg = Debug|Any CPU
		{02BFF6AB-8004-4727-BD06-FECF4AA0FD87}.Debug|Any CPU.Build.0 = Debug|Any CPU
		{02BFF6AB-8004-4727-BD06-FECF4AA0FD87}.Debug|Mixed Platforms.ActiveCfg = Debug|Any CPU
		{02BFF6AB-8004-4727-BD06-FECF4AA0FD87}.Debug|Mixed Platforms.Build.0 = Debug|Any CPU
		{02BFF6AB-8004-4727-BD06-FECF4AA0FD87}.Debug|x86.ActiveCfg = Debug|Any CPU
		{02BFF6AB-8004-4727-BD06-FECF4AA0FD87}.Release|Any CPU.ActiveCfg = Release|Any CPU
		{02BFF6AB-8004-4727-BD06-FECF4AA0FD87}.Release|Mixed Platforms.ActiveCfg = Release|Any CPU
		{02BFF6AB-8004-4727-BD06-FECF4AA0FD87}.Release|Mixed Platforms.Build.0 = Release|Any CPU
		{02BFF6AB-8004-4727-BD06-FECF4AA0FD87}.Release|x86.ActiveCfg = Release|Any CPU
		{B7324189-EAFD-4259-92F6-3D75432EC268}.Debug|Any CPU.ActiveCfg = Debug|x86
		{B7324189-EAFD-4259-92F6-3D75432EC268}.Debug|Mixed Platforms.ActiveCfg = Debug|x86
		{B7324189-EAFD-4259-92F6-3D75432EC268}.Debug|Mixed Platforms.Build.0 = Debug|x86
		{B7324189-EAFD-4259-92F6-3D75432EC268}.Debug|x86.ActiveCfg = Debug|x86
		{B7324189-EAFD-4259-92F6-3D75432EC268}.Debug|x86.Build.0 = Debug|x86
		{B7324189-EAFD-4259-92F6-3D75432EC268}.Release|Any CPU.ActiveCfg = Release|x86
		{B7324189-EAFD-4259-92F6-3D75432EC268}.Release|Mixed Platforms.ActiveCfg = Release|x86
		{B7324189-EAFD-4259-92F6-3D75432EC268}.Release|Mixed Platforms.Build.0 = Release|x86
		{B7324189-EAFD-4259-92F6-3D75432EC268}.Release|x86.ActiveCfg = Release|x86
		{B7324189-EAFD-4259-92F6-3D75432EC268}.Release|x86.Build.0 = Release|x86
		{AD8A0483-D45F-47DC-96A4-76DA1F80E261}.Debug|Any CPU.ActiveCfg = Debug|Any CPU
		{AD8A0483-D45F-47DC-96A4-76DA1F80E261}.Debug|Any CPU.Build.0 = Debug|Any CPU
		{AD8A0483-D45F-47DC-96A4-76DA1F80E261}.Debug|Any CPU.Deploy.0 = Debug|Any CPU
		{AD8A0483-D45F-47DC-96A4-76DA1F80E261}.Debug|Mixed Platforms.ActiveCfg = Debug|Any CPU
		{AD8A0483-D45F-47DC-96A4-76DA1F80E261}.Debug|Mixed Platforms.Build.0 = Debug|Any CPU
		{AD8A0483-D45F-47DC-96A4-76DA1F80E261}.Debug|x86.ActiveCfg = Debug|Any CPU
		{AD8A0483-D45F-47DC-96A4-76DA1F80E261}.Release|Any CPU.ActiveCfg = Release|Any CPU
		{AD8A0483-D45F-47DC-96A4-76DA1F80E261}.Release|Any CPU.Build.0 = Release|Any CPU
		{AD8A0483-D45F-47DC-96A4-76DA1F80E261}.Release|Mixed Platforms.ActiveCfg = Release|Any CPU
		{AD8A0483-D45F-47DC-96A4-76DA1F80E261}.Release|Mixed Platforms.Build.0 = Release|Any CPU
		{AD8A0483-D45F-47DC-96A4-76DA1F80E261}.Release|Mixed Platforms.Deploy.0 = Release|Any CPU
		{AD8A0483-D45F-47DC-96A4-76DA1F80E261}.Release|x86.ActiveCfg = Release|Any CPU
		{51F702A0-93CF-4829-92DE-C8B6DB2A7825}.Debug|Any CPU.ActiveCfg = Debug|Any CPU
		{51F702A0-93CF-4829-92DE-C8B6DB2A7825}.Debug|Any CPU.Build.0 = Debug|Any CPU
		{51F702A0-93CF-4829-92DE-C8B6DB2A7825}.Debug|Mixed Platforms.ActiveCfg = Debug|Any CPU
		{51F702A0-93CF-4829-92DE-C8B6DB2A7825}.Debug|Mixed Platforms.Build.0 = Debug|Any CPU
		{51F702A0-93CF-4829-92DE-C8B6DB2A7825}.Debug|x86.ActiveCfg = Debug|Any CPU
		{51F702A0-93CF-4829-92DE-C8B6DB2A7825}.Release|Any CPU.ActiveCfg = Release|Any CPU
		{51F702A0-93CF-4829-92DE-C8B6DB2A7825}.Release|Any CPU.Build.0 = Release|Any CPU
		{51F702A0-93CF-4829-92DE-C8B6DB2A7825}.Release|Mixed Platforms.ActiveCfg = Release|Any CPU
		{51F702A0-93CF-4829-92DE-C8B6DB2A7825}.Release|Mixed Platforms.Build.0 = Release|Any CPU
		{51F702A0-93CF-4829-92DE-C8B6DB2A7825}.Release|x86.ActiveCfg = Release|Any CPU
		{B336B2AF-BAEB-424F-9463-CA3034EADC2D}.Debug|Any CPU.ActiveCfg = Debug|Any CPU
		{B336B2AF-BAEB-424F-9463-CA3034EADC2D}.Debug|Any CPU.Build.0 = Debug|Any CPU
		{B336B2AF-BAEB-424F-9463-CA3034EADC2D}.Debug|Mixed Platforms.ActiveCfg = Debug|Any CPU
		{B336B2AF-BAEB-424F-9463-CA3034EADC2D}.Debug|Mixed Platforms.Build.0 = Debug|Any CPU
		{B336B2AF-BAEB-424F-9463-CA3034EADC2D}.Debug|x86.ActiveCfg = Debug|Any CPU
		{B336B2AF-BAEB-424F-9463-CA3034EADC2D}.Release|Any CPU.ActiveCfg = Release|Any CPU
		{B336B2AF-BAEB-424F-9463-CA3034EADC2D}.Release|Any CPU.Build.0 = Release|Any CPU
		{B336B2AF-BAEB-424F-9463-CA3034EADC2D}.Release|Mixed Platforms.ActiveCfg = Release|Any CPU
		{B336B2AF-BAEB-424F-9463-CA3034EADC2D}.Release|Mixed Platforms.Build.0 = Release|Any CPU
		{B336B2AF-BAEB-424F-9463-CA3034EADC2D}.Release|x86.ActiveCfg = Release|Any CPU
		{348DDB68-8608-483A-B837-16C14AC9A64F}.Debug|Any CPU.ActiveCfg = Debug|Any CPU
		{348DDB68-8608-483A-B837-16C14AC9A64F}.Debug|Any CPU.Build.0 = Debug|Any CPU
		{348DDB68-8608-483A-B837-16C14AC9A64F}.Debug|Mixed Platforms.ActiveCfg = Debug|Any CPU
		{348DDB68-8608-483A-B837-16C14AC9A64F}.Debug|Mixed Platforms.Build.0 = Debug|Any CPU
		{348DDB68-8608-483A-B837-16C14AC9A64F}.Debug|x86.ActiveCfg = Debug|Any CPU
		{348DDB68-8608-483A-B837-16C14AC9A64F}.Release|Any CPU.ActiveCfg = Release|Any CPU
		{348DDB68-8608-483A-B837-16C14AC9A64F}.Release|Any CPU.Build.0 = Release|Any CPU
		{348DDB68-8608-483A-B837-16C14AC9A64F}.Release|Mixed Platforms.ActiveCfg = Release|Any CPU
		{348DDB68-8608-483A-B837-16C14AC9A64F}.Release|Mixed Platforms.Build.0 = Release|Any CPU
		{348DDB68-8608-483A-B837-16C14AC9A64F}.Release|x86.ActiveCfg = Release|Any CPU
		{91790EE8-448A-4C68-8555-5BC7FEA9D325}.Debug|Any CPU.ActiveCfg = Debug|Any CPU
		{91790EE8-448A-4C68-8555-5BC7FEA9D325}.Debug|Any CPU.Build.0 = Debug|Any CPU
		{91790EE8-448A-4C68-8555-5BC7FEA9D325}.Debug|Mixed Platforms.ActiveCfg = Debug|Any CPU
		{91790EE8-448A-4C68-8555-5BC7FEA9D325}.Debug|Mixed Platforms.Build.0 = Debug|Any CPU
		{91790EE8-448A-4C68-8555-5BC7FEA9D325}.Debug|x86.ActiveCfg = Debug|Any CPU
		{91790EE8-448A-4C68-8555-5BC7FEA9D325}.Release|Any CPU.ActiveCfg = Release|Any CPU
		{91790EE8-448A-4C68-8555-5BC7FEA9D325}.Release|Any CPU.Build.0 = Release|Any CPU
		{91790EE8-448A-4C68-8555-5BC7FEA9D325}.Release|Mixed Platforms.ActiveCfg = Release|Any CPU
		{91790EE8-448A-4C68-8555-5BC7FEA9D325}.Release|Mixed Platforms.Build.0 = Release|Any CPU
		{91790EE8-448A-4C68-8555-5BC7FEA9D325}.Release|x86.ActiveCfg = Release|Any CPU
		{44DC0FE6-653A-4BC9-80A3-5D0B0164BAA1}.Debug|Any CPU.ActiveCfg = Debug|Any CPU
		{44DC0FE6-653A-4BC9-80A3-5D0B0164BAA1}.Debug|Any CPU.Build.0 = Debug|Any CPU
		{44DC0FE6-653A-4BC9-80A3-5D0B0164BAA1}.Debug|Mixed Platforms.ActiveCfg = Debug|Any CPU
		{44DC0FE6-653A-4BC9-80A3-5D0B0164BAA1}.Debug|Mixed Platforms.Build.0 = Debug|Any CPU
		{44DC0FE6-653A-4BC9-80A3-5D0B0164BAA1}.Debug|x86.ActiveCfg = Debug|Any CPU
		{44DC0FE6-653A-4BC9-80A3-5D0B0164BAA1}.Release|Any CPU.ActiveCfg = Release|Any CPU
		{44DC0FE6-653A-4BC9-80A3-5D0B0164BAA1}.Release|Any CPU.Build.0 = Release|Any CPU
		{44DC0FE6-653A-4BC9-80A3-5D0B0164BAA1}.Release|Mixed Platforms.ActiveCfg = Release|Any CPU
		{44DC0FE6-653A-4BC9-80A3-5D0B0164BAA1}.Release|Mixed Platforms.Build.0 = Release|Any CPU
		{44DC0FE6-653A-4BC9-80A3-5D0B0164BAA1}.Release|x86.ActiveCfg = Release|Any CPU
		{C1B07CB8-EB16-494D-9726-277FBE4B52E4}.Debug|Any CPU.ActiveCfg = Debug|Any CPU
		{C1B07CB8-EB16-494D-9726-277FBE4B52E4}.Debug|Any CPU.Build.0 = Debug|Any CPU
		{C1B07CB8-EB16-494D-9726-277FBE4B52E4}.Debug|Mixed Platforms.ActiveCfg = Debug|Any CPU
		{C1B07CB8-EB16-494D-9726-277FBE4B52E4}.Debug|Mixed Platforms.Build.0 = Debug|Any CPU
		{C1B07CB8-EB16-494D-9726-277FBE4B52E4}.Debug|x86.ActiveCfg = Debug|Any CPU
		{C1B07CB8-EB16-494D-9726-277FBE4B52E4}.Release|Any CPU.ActiveCfg = Release|Any CPU
		{C1B07CB8-EB16-494D-9726-277FBE4B52E4}.Release|Any CPU.Build.0 = Release|Any CPU
		{C1B07CB8-EB16-494D-9726-277FBE4B52E4}.Release|Mixed Platforms.ActiveCfg = Release|Any CPU
		{C1B07CB8-EB16-494D-9726-277FBE4B52E4}.Release|Mixed Platforms.Build.0 = Release|Any CPU
		{C1B07CB8-EB16-494D-9726-277FBE4B52E4}.Release|x86.ActiveCfg = Release|Any CPU
		{0553C60B-1390-45CD-BDA0-0F59AEE81489}.Debug|Any CPU.ActiveCfg = Debug
		{0553C60B-1390-45CD-BDA0-0F59AEE81489}.Debug|Mixed Platforms.ActiveCfg = Debug
		{0553C60B-1390-45CD-BDA0-0F59AEE81489}.Debug|x86.ActiveCfg = Debug
		{0553C60B-1390-45CD-BDA0-0F59AEE81489}.Release|Any CPU.ActiveCfg = Release
		{0553C60B-1390-45CD-BDA0-0F59AEE81489}.Release|Any CPU.Build.0 = Release
		{0553C60B-1390-45CD-BDA0-0F59AEE81489}.Release|Mixed Platforms.ActiveCfg = Release
		{0553C60B-1390-45CD-BDA0-0F59AEE81489}.Release|x86.ActiveCfg = Release
		{B95E1499-DCC5-439D-B458-B8D0FDC132B5}.Debug|Any CPU.ActiveCfg = Debug|Any CPU
		{B95E1499-DCC5-439D-B458-B8D0FDC132B5}.Debug|Any CPU.Build.0 = Debug|Any CPU
		{B95E1499-DCC5-439D-B458-B8D0FDC132B5}.Debug|Mixed Platforms.ActiveCfg = Debug|Any CPU
		{B95E1499-DCC5-439D-B458-B8D0FDC132B5}.Debug|Mixed Platforms.Build.0 = Debug|Any CPU
		{B95E1499-DCC5-439D-B458-B8D0FDC132B5}.Debug|x86.ActiveCfg = Debug|Any CPU
		{B95E1499-DCC5-439D-B458-B8D0FDC132B5}.Release|Any CPU.ActiveCfg = Release|Any CPU
		{B95E1499-DCC5-439D-B458-B8D0FDC132B5}.Release|Any CPU.Build.0 = Release|Any CPU
		{B95E1499-DCC5-439D-B458-B8D0FDC132B5}.Release|Mixed Platforms.ActiveCfg = Release|Any CPU
		{B95E1499-DCC5-439D-B458-B8D0FDC132B5}.Release|Mixed Platforms.Build.0 = Release|Any CPU
		{B95E1499-DCC5-439D-B458-B8D0FDC132B5}.Release|x86.ActiveCfg = Release|Any CPU
		{70B987FD-FF06-4A9E-934C-F419E486451A}.Debug|Any CPU.ActiveCfg = Debug|Any CPU
		{70B987FD-FF06-4A9E-934C-F419E486451A}.Debug|Any CPU.Build.0 = Debug|Any CPU
		{70B987FD-FF06-4A9E-934C-F419E486451A}.Debug|Mixed Platforms.ActiveCfg = Debug|Any CPU
		{70B987FD-FF06-4A9E-934C-F419E486451A}.Debug|Mixed Platforms.Build.0 = Debug|Any CPU
		{70B987FD-FF06-4A9E-934C-F419E486451A}.Debug|x86.ActiveCfg = Debug|Any CPU
		{70B987FD-FF06-4A9E-934C-F419E486451A}.Release|Any CPU.ActiveCfg = Release|Any CPU
		{70B987FD-FF06-4A9E-934C-F419E486451A}.Release|Any CPU.Build.0 = Release|Any CPU
		{70B987FD-FF06-4A9E-934C-F419E486451A}.Release|Mixed Platforms.ActiveCfg = Release|Any CPU
		{70B987FD-FF06-4A9E-934C-F419E486451A}.Release|Mixed Platforms.Build.0 = Release|Any CPU
		{70B987FD-FF06-4A9E-934C-F419E486451A}.Release|x86.ActiveCfg = Release|Any CPU
		{EC404277-AF71-4BAE-BDDA-1828A6203070}.Debug|Any CPU.ActiveCfg = Debug|Any CPU
		{EC404277-AF71-4BAE-BDDA-1828A6203070}.Debug|Any CPU.Build.0 = Debug|Any CPU
		{EC404277-AF71-4BAE-BDDA-1828A6203070}.Debug|Mixed Platforms.ActiveCfg = Debug|Any CPU
		{EC404277-AF71-4BAE-BDDA-1828A6203070}.Debug|Mixed Platforms.Build.0 = Debug|Any CPU
		{EC404277-AF71-4BAE-BDDA-1828A6203070}.Debug|x86.ActiveCfg = Debug|Any CPU
		{EC404277-AF71-4BAE-BDDA-1828A6203070}.Release|Any CPU.ActiveCfg = Release|Any CPU
		{EC404277-AF71-4BAE-BDDA-1828A6203070}.Release|Any CPU.Build.0 = Release|Any CPU
		{EC404277-AF71-4BAE-BDDA-1828A6203070}.Release|Mixed Platforms.ActiveCfg = Release|Any CPU
		{EC404277-AF71-4BAE-BDDA-1828A6203070}.Release|Mixed Platforms.Build.0 = Release|Any CPU
		{EC404277-AF71-4BAE-BDDA-1828A6203070}.Release|x86.ActiveCfg = Release|Any CPU
		{6526D085-A5B9-429B-BEA3-03E0E10DF4C1}.Debug|Any CPU.ActiveCfg = Debug|x86
		{6526D085-A5B9-429B-BEA3-03E0E10DF4C1}.Debug|Mixed Platforms.ActiveCfg = Debug|x86
		{6526D085-A5B9-429B-BEA3-03E0E10DF4C1}.Debug|Mixed Platforms.Build.0 = Debug|x86
		{6526D085-A5B9-429B-BEA3-03E0E10DF4C1}.Debug|x86.ActiveCfg = Debug|x86
		{6526D085-A5B9-429B-BEA3-03E0E10DF4C1}.Debug|x86.Build.0 = Debug|x86
		{6526D085-A5B9-429B-BEA3-03E0E10DF4C1}.Release|Any CPU.ActiveCfg = Release|x86
		{6526D085-A5B9-429B-BEA3-03E0E10DF4C1}.Release|Any CPU.Build.0 = Release|x86
		{6526D085-A5B9-429B-BEA3-03E0E10DF4C1}.Release|Mixed Platforms.ActiveCfg = Release|x86
		{6526D085-A5B9-429B-BEA3-03E0E10DF4C1}.Release|Mixed Platforms.Build.0 = Release|x86
		{6526D085-A5B9-429B-BEA3-03E0E10DF4C1}.Release|x86.ActiveCfg = Release|x86
		{6526D085-A5B9-429B-BEA3-03E0E10DF4C1}.Release|x86.Build.0 = Release|x86
		{D63DB8A5-D95B-4333-BC3D-34E584C24C85}.Debug|Any CPU.ActiveCfg = Debug|Any CPU
		{D63DB8A5-D95B-4333-BC3D-34E584C24C85}.Debug|Any CPU.Build.0 = Debug|Any CPU
		{D63DB8A5-D95B-4333-BC3D-34E584C24C85}.Debug|Mixed Platforms.ActiveCfg = Debug|Any CPU
		{D63DB8A5-D95B-4333-BC3D-34E584C24C85}.Debug|Mixed Platforms.Build.0 = Debug|Any CPU
		{D63DB8A5-D95B-4333-BC3D-34E584C24C85}.Debug|x86.ActiveCfg = Debug|Any CPU
		{D63DB8A5-D95B-4333-BC3D-34E584C24C85}.Release|Any CPU.ActiveCfg = Release|Any CPU
		{D63DB8A5-D95B-4333-BC3D-34E584C24C85}.Release|Any CPU.Build.0 = Release|Any CPU
		{D63DB8A5-D95B-4333-BC3D-34E584C24C85}.Release|Mixed Platforms.ActiveCfg = Release|Any CPU
		{D63DB8A5-D95B-4333-BC3D-34E584C24C85}.Release|Mixed Platforms.Build.0 = Release|Any CPU
		{D63DB8A5-D95B-4333-BC3D-34E584C24C85}.Release|x86.ActiveCfg = Release|Any CPU
		{93C16F51-9AC1-48D9-B85F-617215DB2566}.Debug|Any CPU.ActiveCfg = Debug|Any CPU
		{93C16F51-9AC1-48D9-B85F-617215DB2566}.Debug|Any CPU.Build.0 = Debug|Any CPU
		{93C16F51-9AC1-48D9-B85F-617215DB2566}.Debug|Mixed Platforms.ActiveCfg = Debug|Any CPU
		{93C16F51-9AC1-48D9-B85F-617215DB2566}.Debug|Mixed Platforms.Build.0 = Debug|Any CPU
		{93C16F51-9AC1-48D9-B85F-617215DB2566}.Debug|x86.ActiveCfg = Debug|Any CPU
		{93C16F51-9AC1-48D9-B85F-617215DB2566}.Release|Any CPU.ActiveCfg = Release|Any CPU
		{93C16F51-9AC1-48D9-B85F-617215DB2566}.Release|Any CPU.Build.0 = Release|Any CPU
		{93C16F51-9AC1-48D9-B85F-617215DB2566}.Release|Mixed Platforms.ActiveCfg = Release|Any CPU
		{93C16F51-9AC1-48D9-B85F-617215DB2566}.Release|Mixed Platforms.Build.0 = Release|Any CPU
		{93C16F51-9AC1-48D9-B85F-617215DB2566}.Release|x86.ActiveCfg = Release|Any CPU
		{E8BB11A8-D307-4780-A311-27EF48967F4E}.Debug|Any CPU.ActiveCfg = Debug|Any CPU
		{E8BB11A8-D307-4780-A311-27EF48967F4E}.Debug|Any CPU.Build.0 = Debug|Any CPU
		{E8BB11A8-D307-4780-A311-27EF48967F4E}.Debug|Mixed Platforms.ActiveCfg = Debug|Any CPU
		{E8BB11A8-D307-4780-A311-27EF48967F4E}.Debug|Mixed Platforms.Build.0 = Debug|Any CPU
		{E8BB11A8-D307-4780-A311-27EF48967F4E}.Debug|x86.ActiveCfg = Debug|Any CPU
		{E8BB11A8-D307-4780-A311-27EF48967F4E}.Release|Any CPU.ActiveCfg = Release|Any CPU
		{E8BB11A8-D307-4780-A311-27EF48967F4E}.Release|Any CPU.Build.0 = Release|Any CPU
		{E8BB11A8-D307-4780-A311-27EF48967F4E}.Release|Mixed Platforms.ActiveCfg = Release|Any CPU
		{E8BB11A8-D307-4780-A311-27EF48967F4E}.Release|Mixed Platforms.Build.0 = Release|Any CPU
		{E8BB11A8-D307-4780-A311-27EF48967F4E}.Release|x86.ActiveCfg = Release|Any CPU
		{A2B62F83-3289-4779-8FCE-7C32AF436E83}.Debug|Any CPU.ActiveCfg = Debug|x86
		{A2B62F83-3289-4779-8FCE-7C32AF436E83}.Debug|Mixed Platforms.ActiveCfg = Debug|x86
		{A2B62F83-3289-4779-8FCE-7C32AF436E83}.Debug|Mixed Platforms.Build.0 = Debug|x86
		{A2B62F83-3289-4779-8FCE-7C32AF436E83}.Debug|x86.ActiveCfg = Debug|x86
		{A2B62F83-3289-4779-8FCE-7C32AF436E83}.Debug|x86.Build.0 = Debug|x86
		{A2B62F83-3289-4779-8FCE-7C32AF436E83}.Release|Any CPU.ActiveCfg = Release|x86
		{A2B62F83-3289-4779-8FCE-7C32AF436E83}.Release|Any CPU.Build.0 = Release|x86
		{A2B62F83-3289-4779-8FCE-7C32AF436E83}.Release|Mixed Platforms.ActiveCfg = Release|x86
		{A2B62F83-3289-4779-8FCE-7C32AF436E83}.Release|Mixed Platforms.Build.0 = Release|x86
		{A2B62F83-3289-4779-8FCE-7C32AF436E83}.Release|x86.ActiveCfg = Release|x86
		{A2B62F83-3289-4779-8FCE-7C32AF436E83}.Release|x86.Build.0 = Release|x86
		{CCED25E9-19C0-4AB9-BFD2-9E77BF9F2F72}.Debug|Any CPU.ActiveCfg = Debug|Any CPU
		{CCED25E9-19C0-4AB9-BFD2-9E77BF9F2F72}.Debug|Any CPU.Build.0 = Debug|Any CPU
		{CCED25E9-19C0-4AB9-BFD2-9E77BF9F2F72}.Debug|Mixed Platforms.ActiveCfg = Debug|Any CPU
		{CCED25E9-19C0-4AB9-BFD2-9E77BF9F2F72}.Debug|Mixed Platforms.Build.0 = Debug|Any CPU
		{CCED25E9-19C0-4AB9-BFD2-9E77BF9F2F72}.Debug|x86.ActiveCfg = Debug|Any CPU
		{CCED25E9-19C0-4AB9-BFD2-9E77BF9F2F72}.Release|Any CPU.ActiveCfg = Release|Any CPU
		{CCED25E9-19C0-4AB9-BFD2-9E77BF9F2F72}.Release|Any CPU.Build.0 = Release|Any CPU
		{CCED25E9-19C0-4AB9-BFD2-9E77BF9F2F72}.Release|Mixed Platforms.ActiveCfg = Release|Any CPU
		{CCED25E9-19C0-4AB9-BFD2-9E77BF9F2F72}.Release|Mixed Platforms.Build.0 = Release|Any CPU
		{CCED25E9-19C0-4AB9-BFD2-9E77BF9F2F72}.Release|x86.ActiveCfg = Release|Any CPU
		{678E287D-E8EE-48FC-8EDE-EF50E252DB66}.Debug|Any CPU.ActiveCfg = Debug
		{678E287D-E8EE-48FC-8EDE-EF50E252DB66}.Debug|Any CPU.Build.0 = Debug
		{678E287D-E8EE-48FC-8EDE-EF50E252DB66}.Debug|Mixed Platforms.ActiveCfg = Debug
		{678E287D-E8EE-48FC-8EDE-EF50E252DB66}.Debug|x86.ActiveCfg = Debug
		{678E287D-E8EE-48FC-8EDE-EF50E252DB66}.Debug|x86.Build.0 = Debug
		{678E287D-E8EE-48FC-8EDE-EF50E252DB66}.Release|Any CPU.ActiveCfg = Release
		{678E287D-E8EE-48FC-8EDE-EF50E252DB66}.Release|Any CPU.Build.0 = Release
		{678E287D-E8EE-48FC-8EDE-EF50E252DB66}.Release|Mixed Platforms.ActiveCfg = Release
		{678E287D-E8EE-48FC-8EDE-EF50E252DB66}.Release|Mixed Platforms.Build.0 = Release
		{678E287D-E8EE-48FC-8EDE-EF50E252DB66}.Release|x86.ActiveCfg = Release
		{678E287D-E8EE-48FC-8EDE-EF50E252DB66}.Release|x86.Build.0 = Release
		{A46D7CE3-70CC-4C97-9001-73D89DD40ADB}.Debug|Any CPU.ActiveCfg = Debug|Any CPU
		{A46D7CE3-70CC-4C97-9001-73D89DD40ADB}.Debug|Any CPU.Build.0 = Debug|Any CPU
		{A46D7CE3-70CC-4C97-9001-73D89DD40ADB}.Debug|Mixed Platforms.ActiveCfg = Debug|Any CPU
		{A46D7CE3-70CC-4C97-9001-73D89DD40ADB}.Debug|Mixed Platforms.Build.0 = Debug|Any CPU
		{A46D7CE3-70CC-4C97-9001-73D89DD40ADB}.Debug|x86.ActiveCfg = Debug|Any CPU
		{A46D7CE3-70CC-4C97-9001-73D89DD40ADB}.Release|Any CPU.ActiveCfg = Release|Any CPU
		{A46D7CE3-70CC-4C97-9001-73D89DD40ADB}.Release|Any CPU.Build.0 = Release|Any CPU
		{A46D7CE3-70CC-4C97-9001-73D89DD40ADB}.Release|Mixed Platforms.ActiveCfg = Release|Any CPU
		{A46D7CE3-70CC-4C97-9001-73D89DD40ADB}.Release|Mixed Platforms.Build.0 = Release|Any CPU
		{A46D7CE3-70CC-4C97-9001-73D89DD40ADB}.Release|x86.ActiveCfg = Release|Any CPU
		{A30BEC13-3B35-4666-A6FD-59E60C9A30D2}.Debug|Any CPU.ActiveCfg = Debug|Any CPU
		{A30BEC13-3B35-4666-A6FD-59E60C9A30D2}.Debug|Any CPU.Build.0 = Debug|Any CPU
		{A30BEC13-3B35-4666-A6FD-59E60C9A30D2}.Debug|Mixed Platforms.ActiveCfg = Debug|Any CPU
		{A30BEC13-3B35-4666-A6FD-59E60C9A30D2}.Debug|Mixed Platforms.Build.0 = Debug|Any CPU
		{A30BEC13-3B35-4666-A6FD-59E60C9A30D2}.Debug|x86.ActiveCfg = Debug|Any CPU
		{A30BEC13-3B35-4666-A6FD-59E60C9A30D2}.Release|Any CPU.ActiveCfg = Release|Any CPU
		{A30BEC13-3B35-4666-A6FD-59E60C9A30D2}.Release|Mixed Platforms.ActiveCfg = Release|Any CPU
		{A30BEC13-3B35-4666-A6FD-59E60C9A30D2}.Release|Mixed Platforms.Build.0 = Release|Any CPU
		{A30BEC13-3B35-4666-A6FD-59E60C9A30D2}.Release|x86.ActiveCfg = Release|Any CPU
		{AAC63F2E-FE71-43F3-B1CE-2602F6D24BA2}.Debug|Any CPU.ActiveCfg = Debug|Any CPU
		{AAC63F2E-FE71-43F3-B1CE-2602F6D24BA2}.Debug|Any CPU.Build.0 = Debug|Any CPU
		{AAC63F2E-FE71-43F3-B1CE-2602F6D24BA2}.Debug|Mixed Platforms.ActiveCfg = Debug|Any CPU
		{AAC63F2E-FE71-43F3-B1CE-2602F6D24BA2}.Debug|Mixed Platforms.Build.0 = Debug|Any CPU
		{AAC63F2E-FE71-43F3-B1CE-2602F6D24BA2}.Debug|x86.ActiveCfg = Debug|Any CPU
		{AAC63F2E-FE71-43F3-B1CE-2602F6D24BA2}.Release|Any CPU.ActiveCfg = Release|Any CPU
		{AAC63F2E-FE71-43F3-B1CE-2602F6D24BA2}.Release|Any CPU.Build.0 = Release|Any CPU
		{AAC63F2E-FE71-43F3-B1CE-2602F6D24BA2}.Release|Mixed Platforms.ActiveCfg = Release|Any CPU
		{AAC63F2E-FE71-43F3-B1CE-2602F6D24BA2}.Release|Mixed Platforms.Build.0 = Release|Any CPU
		{AAC63F2E-FE71-43F3-B1CE-2602F6D24BA2}.Release|x86.ActiveCfg = Release|Any CPU
		{D91C1DFF-687A-4193-92F8-A1FE086D9CC5}.Debug|Any CPU.ActiveCfg = Debug
		{D91C1DFF-687A-4193-92F8-A1FE086D9CC5}.Debug|Any CPU.Build.0 = Debug
		{D91C1DFF-687A-4193-92F8-A1FE086D9CC5}.Debug|Mixed Platforms.ActiveCfg = Debug
		{D91C1DFF-687A-4193-92F8-A1FE086D9CC5}.Debug|x86.ActiveCfg = Debug
		{D91C1DFF-687A-4193-92F8-A1FE086D9CC5}.Debug|x86.Build.0 = Debug
		{D91C1DFF-687A-4193-92F8-A1FE086D9CC5}.Release|Any CPU.ActiveCfg = Release
		{D91C1DFF-687A-4193-92F8-A1FE086D9CC5}.Release|Any CPU.Build.0 = Release
		{D91C1DFF-687A-4193-92F8-A1FE086D9CC5}.Release|Mixed Platforms.ActiveCfg = Release
		{D91C1DFF-687A-4193-92F8-A1FE086D9CC5}.Release|Mixed Platforms.Build.0 = Release
		{D91C1DFF-687A-4193-92F8-A1FE086D9CC5}.Release|x86.ActiveCfg = Release
		{D91C1DFF-687A-4193-92F8-A1FE086D9CC5}.Release|x86.Build.0 = Release
		{CD31010E-2E1D-4A18-8E44-75CE93BABD3A}.Debug|Any CPU.ActiveCfg = Debug|Any CPU
		{CD31010E-2E1D-4A18-8E44-75CE93BABD3A}.Debug|Any CPU.Build.0 = Debug|Any CPU
		{CD31010E-2E1D-4A18-8E44-75CE93BABD3A}.Debug|Mixed Platforms.ActiveCfg = Debug|Any CPU
		{CD31010E-2E1D-4A18-8E44-75CE93BABD3A}.Debug|Mixed Platforms.Build.0 = Debug|Any CPU
		{CD31010E-2E1D-4A18-8E44-75CE93BABD3A}.Debug|x86.ActiveCfg = Debug|Any CPU
		{CD31010E-2E1D-4A18-8E44-75CE93BABD3A}.Release|Any CPU.ActiveCfg = Release|Any CPU
		{CD31010E-2E1D-4A18-8E44-75CE93BABD3A}.Release|Any CPU.Build.0 = Release|Any CPU
		{CD31010E-2E1D-4A18-8E44-75CE93BABD3A}.Release|Mixed Platforms.ActiveCfg = Release|Any CPU
		{CD31010E-2E1D-4A18-8E44-75CE93BABD3A}.Release|Mixed Platforms.Build.0 = Release|Any CPU
		{CD31010E-2E1D-4A18-8E44-75CE93BABD3A}.Release|x86.ActiveCfg = Release|Any CPU
		{E0249498-3585-4D40-91B6-81B7C5C5F608}.Debug|Any CPU.ActiveCfg = Debug|Any CPU
		{E0249498-3585-4D40-91B6-81B7C5C5F608}.Debug|Any CPU.Build.0 = Debug|Any CPU
		{E0249498-3585-4D40-91B6-81B7C5C5F608}.Debug|Mixed Platforms.ActiveCfg = Debug|Any CPU
		{E0249498-3585-4D40-91B6-81B7C5C5F608}.Debug|Mixed Platforms.Build.0 = Debug|Any CPU
		{E0249498-3585-4D40-91B6-81B7C5C5F608}.Debug|x86.ActiveCfg = Debug|Any CPU
		{E0249498-3585-4D40-91B6-81B7C5C5F608}.Release|Any CPU.ActiveCfg = Release|Any CPU
		{E0249498-3585-4D40-91B6-81B7C5C5F608}.Release|Any CPU.Build.0 = Release|Any CPU
		{E0249498-3585-4D40-91B6-81B7C5C5F608}.Release|Mixed Platforms.ActiveCfg = Release|Any CPU
		{E0249498-3585-4D40-91B6-81B7C5C5F608}.Release|Mixed Platforms.Build.0 = Release|Any CPU
		{E0249498-3585-4D40-91B6-81B7C5C5F608}.Release|x86.ActiveCfg = Release|Any CPU
		{116386C9-795F-4E27-8A15-DD741505D024}.Debug|Any CPU.ActiveCfg = Debug|Any CPU
		{116386C9-795F-4E27-8A15-DD741505D024}.Debug|Any CPU.Build.0 = Debug|Any CPU
		{116386C9-795F-4E27-8A15-DD741505D024}.Debug|Mixed Platforms.ActiveCfg = Debug|Any CPU
		{116386C9-795F-4E27-8A15-DD741505D024}.Debug|Mixed Platforms.Build.0 = Debug|Any CPU
		{116386C9-795F-4E27-8A15-DD741505D024}.Debug|x86.ActiveCfg = Debug|Any CPU
		{116386C9-795F-4E27-8A15-DD741505D024}.Release|Any CPU.ActiveCfg = Release|Any CPU
		{116386C9-795F-4E27-8A15-DD741505D024}.Release|Any CPU.Build.0 = Release|Any CPU
		{116386C9-795F-4E27-8A15-DD741505D024}.Release|Mixed Platforms.ActiveCfg = Release|Any CPU
		{116386C9-795F-4E27-8A15-DD741505D024}.Release|Mixed Platforms.Build.0 = Release|Any CPU
		{116386C9-795F-4E27-8A15-DD741505D024}.Release|x86.ActiveCfg = Release|Any CPU
		{5B50899D-0EE9-4915-943D-9C9BDB1D65C9}.Debug|Any CPU.ActiveCfg = Debug|Any CPU
		{5B50899D-0EE9-4915-943D-9C9BDB1D65C9}.Debug|Any CPU.Build.0 = Debug|Any CPU
		{5B50899D-0EE9-4915-943D-9C9BDB1D65C9}.Debug|Mixed Platforms.ActiveCfg = Debug|Any CPU
		{5B50899D-0EE9-4915-943D-9C9BDB1D65C9}.Debug|Mixed Platforms.Build.0 = Debug|Any CPU
		{5B50899D-0EE9-4915-943D-9C9BDB1D65C9}.Debug|x86.ActiveCfg = Debug|Any CPU
		{5B50899D-0EE9-4915-943D-9C9BDB1D65C9}.Release|Any CPU.ActiveCfg = Release|Any CPU
		{5B50899D-0EE9-4915-943D-9C9BDB1D65C9}.Release|Any CPU.Build.0 = Release|Any CPU
		{5B50899D-0EE9-4915-943D-9C9BDB1D65C9}.Release|Mixed Platforms.ActiveCfg = Release|Any CPU
		{5B50899D-0EE9-4915-943D-9C9BDB1D65C9}.Release|Mixed Platforms.Build.0 = Release|Any CPU
		{5B50899D-0EE9-4915-943D-9C9BDB1D65C9}.Release|x86.ActiveCfg = Release|Any CPU
		{D269002D-DDCF-4D1D-A0AF-E77DC13B09F0}.Debug|Any CPU.ActiveCfg = Debug|Any CPU
		{D269002D-DDCF-4D1D-A0AF-E77DC13B09F0}.Debug|Any CPU.Build.0 = Debug|Any CPU
		{D269002D-DDCF-4D1D-A0AF-E77DC13B09F0}.Debug|Mixed Platforms.ActiveCfg = Debug|Any CPU
		{D269002D-DDCF-4D1D-A0AF-E77DC13B09F0}.Debug|Mixed Platforms.Build.0 = Debug|Any CPU
		{D269002D-DDCF-4D1D-A0AF-E77DC13B09F0}.Debug|x86.ActiveCfg = Debug|Any CPU
		{D269002D-DDCF-4D1D-A0AF-E77DC13B09F0}.Release|Any CPU.ActiveCfg = Release|Any CPU
		{D269002D-DDCF-4D1D-A0AF-E77DC13B09F0}.Release|Any CPU.Build.0 = Release|Any CPU
		{D269002D-DDCF-4D1D-A0AF-E77DC13B09F0}.Release|Mixed Platforms.ActiveCfg = Release|Any CPU
		{D269002D-DDCF-4D1D-A0AF-E77DC13B09F0}.Release|Mixed Platforms.Build.0 = Release|Any CPU
		{D269002D-DDCF-4D1D-A0AF-E77DC13B09F0}.Release|x86.ActiveCfg = Release|Any CPU
		{13E20AE8-9515-4B37-B71B-3DFC70C9B831}.Debug|Any CPU.ActiveCfg = Debug|Any CPU
		{13E20AE8-9515-4B37-B71B-3DFC70C9B831}.Debug|Any CPU.Build.0 = Debug|Any CPU
		{13E20AE8-9515-4B37-B71B-3DFC70C9B831}.Debug|Mixed Platforms.ActiveCfg = Debug|Any CPU
		{13E20AE8-9515-4B37-B71B-3DFC70C9B831}.Debug|Mixed Platforms.Build.0 = Debug|Any CPU
		{13E20AE8-9515-4B37-B71B-3DFC70C9B831}.Debug|x86.ActiveCfg = Debug|Any CPU
		{13E20AE8-9515-4B37-B71B-3DFC70C9B831}.Debug|x86.Build.0 = Debug|Any CPU
		{13E20AE8-9515-4B37-B71B-3DFC70C9B831}.Release|Any CPU.ActiveCfg = Release|Any CPU
		{13E20AE8-9515-4B37-B71B-3DFC70C9B831}.Release|Any CPU.Build.0 = Release|Any CPU
		{13E20AE8-9515-4B37-B71B-3DFC70C9B831}.Release|Mixed Platforms.ActiveCfg = Release|Any CPU
		{13E20AE8-9515-4B37-B71B-3DFC70C9B831}.Release|Mixed Platforms.Build.0 = Release|Any CPU
		{13E20AE8-9515-4B37-B71B-3DFC70C9B831}.Release|x86.ActiveCfg = Release|Any CPU
		{13E20AE8-9515-4B37-B71B-3DFC70C9B831}.Release|x86.Build.0 = Release|Any CPU
		{2763D72F-F0D4-4150-BDF6-BC853E8574FE}.Debug|Any CPU.ActiveCfg = Debug|Any CPU
		{2763D72F-F0D4-4150-BDF6-BC853E8574FE}.Debug|Any CPU.Build.0 = Debug|Any CPU
		{2763D72F-F0D4-4150-BDF6-BC853E8574FE}.Debug|Mixed Platforms.ActiveCfg = Debug|Any CPU
		{2763D72F-F0D4-4150-BDF6-BC853E8574FE}.Debug|Mixed Platforms.Build.0 = Debug|Any CPU
		{2763D72F-F0D4-4150-BDF6-BC853E8574FE}.Debug|x86.ActiveCfg = Debug|Any CPU
		{2763D72F-F0D4-4150-BDF6-BC853E8574FE}.Debug|x86.Build.0 = Debug|Any CPU
		{2763D72F-F0D4-4150-BDF6-BC853E8574FE}.Release|Any CPU.ActiveCfg = Release|Any CPU
		{2763D72F-F0D4-4150-BDF6-BC853E8574FE}.Release|Any CPU.Build.0 = Release|Any CPU
		{2763D72F-F0D4-4150-BDF6-BC853E8574FE}.Release|Mixed Platforms.ActiveCfg = Release|Any CPU
		{2763D72F-F0D4-4150-BDF6-BC853E8574FE}.Release|Mixed Platforms.Build.0 = Release|Any CPU
		{2763D72F-F0D4-4150-BDF6-BC853E8574FE}.Release|x86.ActiveCfg = Release|Any CPU
		{2763D72F-F0D4-4150-BDF6-BC853E8574FE}.Release|x86.Build.0 = Release|Any CPU
	EndGlobalSection
	GlobalSection(SolutionProperties) = preSolution
		HideSolutionNode = FALSE
	EndGlobalSection
	GlobalSection(NestedProjects) = preSolution
		{24EF14F4-1468-4D14-8DB3-ACB59601B161} = {440CA47C-25F0-41AB-86E6-AB36909520C4}
		{12EBB423-15A8-4FED-BD1D-729C37180B86} = {440CA47C-25F0-41AB-86E6-AB36909520C4}
		{AB291EBC-66BE-4CE0-9527-0726BF0EB5AD} = {1080D171-00B5-472F-A97E-CE66080F898D}
		{A0504CC5-F6FF-4FFF-B7ED-1FE508195D03} = {32976719-343F-48A5-AA87-A81E30599A63}
		{F2DEC917-68EB-4AB8-B260-A1787C4D5D9F} = {32976719-343F-48A5-AA87-A81E30599A63}
		{7C85248A-15D4-4A17-A496-AECF789E0F10} = {440CA47C-25F0-41AB-86E6-AB36909520C4}
		{D0377D64-9108-4FA9-B64F-60445B49971B} = {1080D171-00B5-472F-A97E-CE66080F898D}
		{772A474B-0D95-4002-BF5B-910986D1326B} = {24EF14F4-1468-4D14-8DB3-ACB59601B161}
		{5BFEF184-0834-4FBA-ADDB-AD798CE0B58D} = {24EF14F4-1468-4D14-8DB3-ACB59601B161}
		{B664CBA0-0D34-4328-AF3F-BBD0D13CC21A} = {24EF14F4-1468-4D14-8DB3-ACB59601B161}
		{FA142C8C-FA7C-43BF-B79E-155972102532} = {1080D171-00B5-472F-A97E-CE66080F898D}
		{049EFBBC-F7F8-4C7D-BDA6-865033D74057} = {440CA47C-25F0-41AB-86E6-AB36909520C4}
		{49B2AF80-5D7F-41AB-94CE-2B138A02B114} = {440CA47C-25F0-41AB-86E6-AB36909520C4}
		{02BFF6AB-8004-4727-BD06-FECF4AA0FD87} = {1080D171-00B5-472F-A97E-CE66080F898D}
		{B7324189-EAFD-4259-92F6-3D75432EC268} = {440CA47C-25F0-41AB-86E6-AB36909520C4}
		{AD8A0483-D45F-47DC-96A4-76DA1F80E261} = {1080D171-00B5-472F-A97E-CE66080F898D}
		{51F702A0-93CF-4829-92DE-C8B6DB2A7825} = {1080D171-00B5-472F-A97E-CE66080F898D}
		{B336B2AF-BAEB-424F-9463-CA3034EADC2D} = {12EBB423-15A8-4FED-BD1D-729C37180B86}
		{348DDB68-8608-483A-B837-16C14AC9A64F} = {12EBB423-15A8-4FED-BD1D-729C37180B86}
		{91790EE8-448A-4C68-8555-5BC7FEA9D325} = {12EBB423-15A8-4FED-BD1D-729C37180B86}
		{44DC0FE6-653A-4BC9-80A3-5D0B0164BAA1} = {24EF14F4-1468-4D14-8DB3-ACB59601B161}
		{C1B07CB8-EB16-494D-9726-277FBE4B52E4} = {1080D171-00B5-472F-A97E-CE66080F898D}
		{0553C60B-1390-45CD-BDA0-0F59AEE81489} = {5F93E18F-91C2-40C4-87A0-8D371396B00D}
		{B95E1499-DCC5-439D-B458-B8D0FDC132B5} = {A0504CC5-F6FF-4FFF-B7ED-1FE508195D03}
		{70B987FD-FF06-4A9E-934C-F419E486451A} = {A0504CC5-F6FF-4FFF-B7ED-1FE508195D03}
		{EC404277-AF71-4BAE-BDDA-1828A6203070} = {1080D171-00B5-472F-A97E-CE66080F898D}
		{6526D085-A5B9-429B-BEA3-03E0E10DF4C1} = {A0504CC5-F6FF-4FFF-B7ED-1FE508195D03}
		{D63DB8A5-D95B-4333-BC3D-34E584C24C85} = {24EF14F4-1468-4D14-8DB3-ACB59601B161}
		{93C16F51-9AC1-48D9-B85F-617215DB2566} = {24EF14F4-1468-4D14-8DB3-ACB59601B161}
		{E8BB11A8-D307-4780-A311-27EF48967F4E} = {F2DEC917-68EB-4AB8-B260-A1787C4D5D9F}
		{A2B62F83-3289-4779-8FCE-7C32AF436E83} = {F2DEC917-68EB-4AB8-B260-A1787C4D5D9F}
		{CCED25E9-19C0-4AB9-BFD2-9E77BF9F2F72} = {F2DEC917-68EB-4AB8-B260-A1787C4D5D9F}
		{678E287D-E8EE-48FC-8EDE-EF50E252DB66} = {F2DEC917-68EB-4AB8-B260-A1787C4D5D9F}
		{A46D7CE3-70CC-4C97-9001-73D89DD40ADB} = {1080D171-00B5-472F-A97E-CE66080F898D}
		{A30BEC13-3B35-4666-A6FD-59E60C9A30D2} = {1080D171-00B5-472F-A97E-CE66080F898D}
		{AAC63F2E-FE71-43F3-B1CE-2602F6D24BA2} = {1080D171-00B5-472F-A97E-CE66080F898D}
		{D91C1DFF-687A-4193-92F8-A1FE086D9CC5} = {A0504CC5-F6FF-4FFF-B7ED-1FE508195D03}
		{CD31010E-2E1D-4A18-8E44-75CE93BABD3A} = {440CA47C-25F0-41AB-86E6-AB36909520C4}
		{E0249498-3585-4D40-91B6-81B7C5C5F608} = {440CA47C-25F0-41AB-86E6-AB36909520C4}
		{116386C9-795F-4E27-8A15-DD741505D024} = {24EF14F4-1468-4D14-8DB3-ACB59601B161}
		{5B50899D-0EE9-4915-943D-9C9BDB1D65C9} = {1080D171-00B5-472F-A97E-CE66080F898D}
		{D269002D-DDCF-4D1D-A0AF-E77DC13B09F0} = {1080D171-00B5-472F-A97E-CE66080F898D}
		{13E20AE8-9515-4B37-B71B-3DFC70C9B831} = {440CA47C-25F0-41AB-86E6-AB36909520C4}
		{2763D72F-F0D4-4150-BDF6-BC853E8574FE} = {440CA47C-25F0-41AB-86E6-AB36909520C4}
	EndGlobalSection
	GlobalSection(TeamFoundationVersionControl) = preSolution
		SccNumberOfProjects = 40
		SccEnterpriseProvider = {4CA58AB2-18FA-4F8D-95D4-32DDF27D184C}
		SccTeamFoundationServer = https://kvo.visualstudio.com/defaultcollection
		SccLocalPath0 = .
		SccProjectUniqueName1 = ..\\PipelineTesting\\PipelineObjects\\PipelineObjects.csproj
		SccProjectTopLevelParentUniqueName1 = BizUnit.sln
		SccProjectName1 = ../PipelineTesting/PipelineObjects
		SccLocalPath1 = ..\\PipelineTesting\\PipelineObjects
		SccProjectUniqueName2 = ..\\PipelineTesting\\Winterdom.BizTalk.PipelineTesting\\Winterdom.BizTalk.PipelineTesting.csproj
		SccProjectTopLevelParentUniqueName2 = BizUnit.sln
		SccProjectName2 = ../PipelineTesting/Winterdom.BizTalk.PipelineTesting
		SccLocalPath2 = ..\\PipelineTesting\\Winterdom.BizTalk.PipelineTesting
		SccProjectUniqueName3 = Setup\\SetupBizUnit\\SetupBizUnit.vdproj
		SccProjectTopLevelParentUniqueName3 = BizUnit.sln
		SccProjectName3 = Setup/SetupBizUnit
		SccLocalPath3 = Setup\\SetupBizUnit
		SccProjectUniqueName4 = Src\\BizUnit.CoreSteps\\BizUnit.CoreSteps.csproj
		SccProjectTopLevelParentUniqueName4 = BizUnit.sln
		SccProjectName4 = Src/BizUnit.CoreSteps
		SccLocalPath4 = Src\\BizUnit.CoreSteps
		SccProjectUniqueName5 = Src\\BizUnit.LoadGenSteps\\BizUnit.LoadGenSteps.csproj
		SccProjectTopLevelParentUniqueName5 = BizUnit.sln
		SccProjectName5 = Src/BizUnit.LoadGenSteps
		SccLocalPath5 = Src\\BizUnit.LoadGenSteps
		SccProjectUniqueName6 = Src\\BizUnit.MQSeriesSteps\\BizUnit.MQSeriesSteps.csproj
		SccProjectTopLevelParentUniqueName6 = BizUnit.sln
		SccProjectName6 = Src/BizUnit.MQSeriesSteps
		SccLocalPath6 = Src\\BizUnit.MQSeriesSteps
		SccProjectUniqueName7 = Src\\BizUnit.TestDocumentor.Console\\BizUnit.TestDocumentor.Console.csproj
		SccProjectTopLevelParentUniqueName7 = BizUnit.sln
		SccProjectName7 = Src/BizUnit.TestDocumentor.Console
		SccLocalPath7 = Src\\BizUnit.TestDocumentor.Console
		SccProjectUniqueName8 = Src\\BizUnit.TestDocumentor.GUI\\BizUnit.TestDocumentor.GUI.csproj
		SccProjectTopLevelParentUniqueName8 = BizUnit.sln
		SccProjectName8 = Src/BizUnit.TestDocumentor.GUI
		SccLocalPath8 = Src\\BizUnit.TestDocumentor.GUI
		SccProjectUniqueName9 = Src\\BizUnit.TestDocumentor\\BizUnit.TestDocumentor.csproj
		SccProjectTopLevelParentUniqueName9 = BizUnit.sln
		SccProjectName9 = Src/BizUnit.TestDocumentor
		SccLocalPath9 = Src\\BizUnit.TestDocumentor
		SccProjectUniqueName10 = Src\\BizUnit.TestSteps.BizTalk.Remote\\BizUnit.TestSteps.BizTalk.Remote.csproj
		SccProjectTopLevelParentUniqueName10 = BizUnit.sln
		SccProjectName10 = Src/BizUnit.TestSteps.BizTalk.Remote
		SccLocalPath10 = Src\\BizUnit.TestSteps.BizTalk.Remote
		SccProjectUniqueName11 = Src\\BizUnit.TestSteps.BizTalk\\BizUnit.TestSteps.BizTalk.csproj
		SccProjectTopLevelParentUniqueName11 = BizUnit.sln
		SccProjectName11 = Src/BizUnit.TestSteps.BizTalk
		SccLocalPath11 = Src\\BizUnit.TestSteps.BizTalk
		SccProjectUniqueName12 = Src\\BizUnit.TestSteps.i8c\\BizUnit.TestSteps.i8c.csproj
		SccProjectTopLevelParentUniqueName12 = BizUnit.sln
		SccProjectName12 = Src/BizUnit.TestSteps.i8c
		SccLocalPath12 = Src\\BizUnit.TestSteps.i8c
		SccProjectUniqueName13 = Src\\BizUnit.TestSteps.LoadGen\\BizUnit.TestSteps.Load.csproj
		SccProjectTopLevelParentUniqueName13 = BizUnit.sln
		SccProjectName13 = Src/BizUnit.TestSteps.LoadGen
		SccLocalPath13 = Src\\BizUnit.TestSteps.LoadGen
		SccProjectUniqueName14 = Src\\BizUnit.TestSteps.Ssis\\BizUnit.TestSteps.Ssis.csproj
		SccProjectTopLevelParentUniqueName14 = BizUnit.sln
		SccProjectName14 = Src/BizUnit.TestSteps.Ssis
		SccLocalPath14 = Src\\BizUnit.TestSteps.Ssis
		SccProjectUniqueName15 = Src\\BizUnit.TestSteps\\BizUnit.TestSteps.csproj
		SccProjectTopLevelParentUniqueName15 = BizUnit.sln
		SccProjectName15 = Src/BizUnit.TestSteps
		SccLocalPath15 = Src\\BizUnit.TestSteps
		SccProjectUniqueName16 = Src\\BizUnit\\BizUnit.csproj
		SccProjectTopLevelParentUniqueName16 = BizUnit.sln
		SccProjectName16 = Src/BizUnit
		SccLocalPath16 = Src\\BizUnit
		SccProjectUniqueName17 = Src\\BizUnitExtensions\\BizUnit.Extensions.csproj
		SccProjectTopLevelParentUniqueName17 = BizUnit.sln
		SccProjectName17 = Src/BizUnitExtensions
		SccLocalPath17 = Src\\BizUnitExtensions
		SccProjectUniqueName18 = Src\\Services\\BizUnitService\\BizUnitServiceHost.csproj
		SccProjectTopLevelParentUniqueName18 = BizUnit.sln
		SccProjectName18 = Src/Services/BizUnitService
		SccLocalPath18 = Src\\Services\\BizUnitService
		SccProjectUniqueName19 = Src\\Services\\BizUnitWcfService\\BizUnitWcfService.csproj
		SccProjectTopLevelParentUniqueName19 = BizUnit.sln
		SccProjectName19 = Src/Services/BizUnitWcfService
		SccLocalPath19 = Src\\Services\\BizUnitWcfService
		SccProjectUniqueName20 = Src\\Services\\BizUnitWcfServiceLibrary\\BizUnitWcfServiceLibrary.csproj
		SccProjectTopLevelParentUniqueName20 = BizUnit.sln
		SccProjectName20 = Src/Services/BizUnitWcfServiceLibrary
		SccLocalPath20 = Src\\Services\\BizUnitWcfServiceLibrary
		SccProjectUniqueName21 = Src\\Services\\MsmqWcfService\\MsmqWcfService.csproj
		SccProjectTopLevelParentUniqueName21 = BizUnit.sln
		SccProjectName21 = Src/Services/MsmqWcfService
		SccLocalPath21 = Src\\Services\\MsmqWcfService
		SccProjectUniqueName22 = Src\\Services\\MSMQWcfServiceLibrary\\MSMQWcfServiceLibrary.csproj
		SccProjectTopLevelParentUniqueName22 = BizUnit.sln
		SccProjectName22 = Src/Services/MSMQWcfServiceLibrary
		SccLocalPath22 = Src\\Services\\MSMQWcfServiceLibrary
		SccProjectUniqueName23 = Src\\Services\\SetupBizUnitServiceHost\\SetupBizUnitServiceHost.vdproj
		SccProjectTopLevelParentUniqueName23 = BizUnit.sln
		SccProjectName23 = Src/Services/SetupBizUnitServiceHost
		SccLocalPath23 = Src\\Services\\SetupBizUnitServiceHost
		SccProjectUniqueName24 = Test\\BizUnit.BizTalkServices.Tests\\BizUnit.BizTalkServices.Tests.csproj
		SccProjectTopLevelParentUniqueName24 = BizUnit.sln
		SccProjectName24 = Test/BizUnit.BizTalkServices.Tests
		SccLocalPath24 = Test\\BizUnit.BizTalkServices.Tests
		SccProjectUniqueName25 = Test\\BizUnit.BizTalkSteps.Tests\\BizUnit.BizTalkSteps.Tests.csproj
		SccProjectTopLevelParentUniqueName25 = BizUnit.sln
		SccProjectName25 = Test/BizUnit.BizTalkSteps.Tests
		SccLocalPath25 = Test\\BizUnit.BizTalkSteps.Tests
		SccProjectUniqueName26 = Test\\BizUnit.BizTalkTestArtifacts.Components\\BizUnit.BizTalkTestArtifacts.Components.csproj
		SccProjectTopLevelParentUniqueName26 = BizUnit.sln
		SccProjectName26 = Test/BizUnit.BizTalkTestArtifacts.Components
		SccLocalPath26 = Test\\BizUnit.BizTalkTestArtifacts.Components
		SccProjectUniqueName27 = Test\\BizUnit.BizTalkTestArtifacts\\BizUnit.BizTalkTestArtifacts.btproj
		SccProjectTopLevelParentUniqueName27 = BizUnit.sln
		SccProjectName27 = Test/BizUnit.BizTalkTestArtifacts
		SccLocalPath27 = Test\\BizUnit.BizTalkTestArtifacts
		SccProjectUniqueName28 = Test\\BizUnit.TestDocumentor.Tests\\BizUnit.TestDocumentor.Tests.csproj
		SccProjectTopLevelParentUniqueName28 = BizUnit.sln
		SccProjectName28 = Test/BizUnit.TestDocumentor.Tests
		SccLocalPath28 = Test\\BizUnit.TestDocumentor.Tests
		SccProjectUniqueName29 = Test\\BizUnit.Tests\\BizUnit.Tests.csproj
		SccProjectTopLevelParentUniqueName29 = BizUnit.sln
		SccProjectName29 = Test/BizUnit.Tests
		SccLocalPath29 = Test\\BizUnit.Tests
		SccProjectUniqueName30 = Test\\BizUnit.TestSteps.i8c.Tests\\BizUnit.TestSteps.i8c.Tests.csproj
		SccProjectTopLevelParentUniqueName30 = BizUnit.sln
		SccProjectName30 = Test/BizUnit.TestSteps.i8c.Tests
		SccLocalPath30 = Test\\BizUnit.TestSteps.i8c.Tests
		SccProjectUniqueName31 = Test\\BizUnit.TestSteps.Tests\\BizUnit.TestSteps.Tests.csproj
		SccProjectTopLevelParentUniqueName31 = BizUnit.sln
		SccProjectName31 = Test/BizUnit.TestSteps.Tests
		SccLocalPath31 = Test\\BizUnit.TestSteps.Tests
		SccProjectUniqueName32 = Test\\BizUnitExtensions.Tests\\BizUnit.Extensions.Tests.csproj
		SccProjectTopLevelParentUniqueName32 = BizUnit.sln
		SccProjectName32 = Test/BizUnitExtensions.Tests
		SccLocalPath32 = Test\\BizUnitExtensions.Tests
		SccProjectUniqueName33 = Test\\ExampleWCFServiceApplication\\ExampleWCFServiceApplication.csproj
		SccProjectTopLevelParentUniqueName33 = BizUnit.sln
		SccProjectName33 = Test/ExampleWCFServiceApplication
		SccLocalPath33 = Test\\ExampleWCFServiceApplication
		SccProjectUniqueName34 = Test\\RestTestWebService\\RestTestWebService.csproj
		SccProjectTopLevelParentUniqueName34 = BizUnit.sln
		SccProjectName34 = Test/RestTestWebService
		SccLocalPath34 = Test\\RestTestWebService
		SccProjectUniqueName35 = Test\\SoapTestWebService\\SoapTestWebService.csproj
		SccProjectTopLevelParentUniqueName35 = BizUnit.sln
		SccProjectName35 = Test/SoapTestWebService
		SccLocalPath35 = Test\\SoapTestWebService
		SccProjectUniqueName36 = Src\\Services\\MsmqWcfServiceHost\\MsmqWcfServiceHost.csproj
		SccProjectTopLevelParentUniqueName36 = BizUnit.sln
		SccProjectName36 = Src/Services/MsmqWcfServiceHost
		SccLocalPath36 = Src\\Services\\MsmqWcfServiceHost
		SccProjectUniqueName37 = Src\\Services\\SetupMsmqWcfServiceHost\\SetupMsmqWcfServiceHost.vdproj
		SccProjectTopLevelParentUniqueName37 = BizUnit.sln
		SccProjectName37 = Src/Services/SetupMsmqWcfServiceHost
		SccLocalPath37 = Src\\Services\\SetupMsmqWcfServiceHost
		SccProjectUniqueName38 = ..\\..\\Project\u0020Structure\\Tools\\Microsoft.BizTalk.CAT.BestPractices.Framework\\Microsoft.BizTalk.CAT.BestPractices.Framework.csproj
		SccProjectTopLevelParentUniqueName38 = BizUnit.sln
		SccProjectName38 = ../../Project\u0020Structure/Tools/Microsoft.BizTalk.CAT.BestPractices.Framework
		SccLocalPath38 = ..\\..\\Project\u0020Structure\\Tools\\Microsoft.BizTalk.CAT.BestPractices.Framework
		SccProjectUniqueName39 = ..\\PipelineTesting\\Bizilante.PipelineTesting.Helper\\Bizilante.PipelineTesting.Helper.csproj
		SccProjectTopLevelParentUniqueName39 = BizUnit.sln
		SccProjectName39 = ../PipelineTesting/Bizilante.PipelineTesting.Helper
		SccLocalPath39 = ..\\PipelineTesting\\Bizilante.PipelineTesting.Helper
	EndGlobalSection
	GlobalSection(TestCaseManagementSettings) = postSolution
		CategoryFile = BizUnit.vsmdi
	EndGlobalSection
EndGlobal
